
Microsoft Visual Studio Solution File, Format Version 12.00
# Visual Studio Version 17
VisualStudioVersion = 17.4.33213.308
MinimumVisualStudioVersion = 10.0.40219.1
Project("{FAE04EC0-301F-11D3-BF4B-00C04F79EFBC}") = "libreria_ncl", "libreria_ncl.csproj", "{B39F7BC3-1FF3-4AA0-8D64-3C03128ED6E3}"
EndProject
Global
	GlobalSection(SolutionConfigurationPlatforms) = preSolution
		Debug|Any CPU = Debug|Any CPU
		Release|Any CPU = Release|Any CPU
	EndGlobalSection
	GlobalSection(ProjectConfigurationPlatforms) = postSolution
		{B39F7BC3-1FF3-4AA0-8D64-3C03128ED6E3}.Debug|Any CPU.ActiveCfg = Debug|Any CPU
		{B39F7BC3-1FF3-4AA0-8D64-3C03128ED6E3}.Debug|Any CPU.Build.0 = Debug|Any CPU
		{B39F7BC3-1FF3-4AA0-8D64-3C03128ED6E3}.Release|Any CPU.ActiveCfg = Release|Any CPU
		{B39F7BC3-1FF3-4AA0-8D64-3C03128ED6E3}.Release|Any CPU.Build.0 = Release|Any CPU
	EndGlobalSection
	GlobalSection(SolutionProperties) = preSolution
		HideSolutionNode = FALSE
	EndGlobalSection
	GlobalSection(ExtensibilityGlobals) = postSolution
		SolutionGuid = {B272C50D-12F3-4174-8BC5-821077064ECA}
	EndGlobalSection
EndGlobal
